
Microsoft Visual Studio Solution File, Format Version 12.00
# Visual Studio Version 17
VisualStudioVersion = 17.7.34202.233
MinimumVisualStudioVersion = 10.0.40219.1
Project("{FAE04EC0-301F-11D3-BF4B-00C04F79EFBC}") = "zBus", "zBus\zBus.csproj", "{3A484823-47C5-44AA-877D-F8454A0ABC0E}"
EndProject
Global
	GlobalSection(SolutionConfigurationPlatforms) = preSolution
		Debug|Any CPU = Debug|Any CPU
		Release|Any CPU = Release|Any CPU
	EndGlobalSection
	GlobalSection(ProjectConfigurationPlatforms) = postSolution
		{3A484823-47C5-44AA-877D-F8454A0ABC0E}.Debug|Any CPU.ActiveCfg = Debug|Any CPU
		{3A484823-47C5-44AA-877D-F8454A0ABC0E}.Debug|Any CPU.Build.0 = Debug|Any CPU
		{3A484823-47C5-44AA-877D-F8454A0ABC0E}.Release|Any CPU.ActiveCfg = Release|Any CPU
		{3A484823-47C5-44AA-877D-F8454A0ABC0E}.Release|Any CPU.Build.0 = Release|Any CPU
	EndGlobalSection
	GlobalSection(SolutionProperties) = preSolution
		HideSolutionNode = FALSE
	EndGlobalSection
	GlobalSection(ExtensibilityGlobals) = postSolution
		SolutionGuid = {224556B0-97BD-4DF0-BA92-DE64A3E0453F}
	EndGlobalSection
EndGlobal
